dependencies:
- name: magda
  repository: https://charts.magda.io
  version: 0.0.60
- name: ingress
  repository: file://../ingress
  version: 0.0.57
- name: magda-auth-internal
  repository: https://charts.magda.io
  version: 1.0.1
- name: magda-auth-ckan
  repository: https://charts.magda.io
  version: 1.0.1
- name: magda-ckan-connector
  repository: https://charts.magda.io
  version: 1.0.1
- name: magda-project-open-data-connector
  repository: https://charts.magda.io
  version: 0.0.57-0
- name: magda-project-open-data-connector
  repository: https://charts.magda.io
  version: 0.0.57-0
- name: magda-csw-connector
  repository: https://charts.magda.io
  version: 0.0.57-0
- name: magda-csw-connector
  repository: https://charts.magda.io
  version: 0.0.57-0
- name: magda-csw-connector
  repository: https://charts.magda.io
  version: 0.0.57-0
- name: magda-csw-connector
  repository: https://charts.magda.io
  version: 0.0.57-0
- name: magda-ckan-connector
  repository: https://charts.magda.io
  version: 1.0.1
- name: magda-project-open-data-connector
  repository: https://charts.magda.io
  version: 0.0.57-0
- name: magda-csw-connector
  repository: https://charts.magda.io
  version: 0.0.57-0
- name: magda-csw-connector
  repository: https://charts.magda.io
  version: 0.0.57-0
- name: magda-project-open-data-connector
  repository: https://charts.magda.io
  version: 0.0.57-0
- name: magda-csw-connector
  repository: https://charts.magda.io
  version: 0.0.57-0
- name: magda-project-open-data-connector
  repository: https://charts.magda.io
  version: 0.0.57-0
- name: magda-project-open-data-connector
  repository: https://charts.magda.io
  version: 0.0.57-0
- name: magda-csw-connector
  repository: https://charts.magda.io
  version: 0.0.57-0
- name: magda-project-open-data-connector
  repository: https://charts.magda.io
  version: 0.0.57-0
- name: magda-csw-connector
  repository: https://charts.magda.io
  version: 0.0.57-0
- name: magda-ckan-connector
  repository: https://charts.magda.io
  version: 1.0.1
- name: magda-csw-connector
  repository: https://charts.magda.io
  version: 0.0.57-0
- name: magda-ckan-connector
  repository: https://charts.magda.io
  version: 1.0.1
- name: magda-ckan-connector
  repository: https://charts.magda.io
  version: 1.0.1
- name: magda-csw-connector
  repository: https://charts.magda.io
  version: 0.0.57-0
- name: magda-csw-connector
  repository: https://charts.magda.io
  version: 0.0.57-0
- name: magda-ckan-connector
  repository: https://charts.magda.io
  version: 1.0.1
- name: magda-ckan-connector
  repository: https://charts.magda.io
  version: 1.0.1
- name: magda-dap-connector
  repository: https://charts.magda.io
  version: 0.0.57-0
- name: magda-project-open-data-connector
  repository: https://charts.magda.io
  version: 0.0.57-0
- name: magda-project-open-data-connector
  repository: https://charts.magda.io
  version: 0.0.57-0
- name: magda-project-open-data-connector
  repository: https://charts.magda.io
  version: 0.0.57-0
- name: magda-project-open-data-connector
  repository: https://charts.magda.io
  version: 0.0.57-0
- name: magda-project-open-data-connector
  repository: https://charts.magda.io
  version: 0.0.57-0
digest: sha256:7c7f191fb98a06072d5ad7f44d7631af748c60789f583a236897a1c1518a1fb3
generated: "2021-09-15T16:38:16.370488+10:00"
