dependencies:
- name: magda
  repository: https://charts.magda.io
  version: 1.2.0-rc.0
- name: ingress
  repository: file://../ingress
  version: 1.1.0
- name: magda-auth-internal
  repository: https://charts.magda.io
  version: 1.2.3
- name: magda-auth-ckan
  repository: https://charts.magda.io
  version: 1.2.3
- name: magda-ckan-connector
  repository: https://charts.magda.io
  version: 1.3.0
- name: magda-project-open-data-connector
  repository: https://charts.magda.io
  version: 1.1.0
- name: magda-project-open-data-connector
  repository: https://charts.magda.io
  version: 1.1.0
- name: magda-csw-connector
  repository: https://charts.magda.io
  version: 1.1.0
- name: magda-csw-connector
  repository: https://charts.magda.io
  version: 1.1.0
- name: magda-csw-connector
  repository: https://charts.magda.io
  version: 1.1.0
- name: magda-csw-connector
  repository: https://charts.magda.io
  version: 1.1.0
- name: magda-ckan-connector
  repository: https://charts.magda.io
  version: 1.3.0
- name: magda-project-open-data-connector
  repository: https://charts.magda.io
  version: 1.1.0
- name: magda-csw-connector
  repository: https://charts.magda.io
  version: 1.1.0
- name: magda-csw-connector
  repository: https://charts.magda.io
  version: 1.1.0
- name: magda-csw-connector
  repository: https://charts.magda.io
  version: 1.1.0
- name: magda-project-open-data-connector
  repository: https://charts.magda.io
  version: 1.1.0
- name: magda-project-open-data-connector
  repository: https://charts.magda.io
  version: 1.1.0
- name: magda-project-open-data-connector
  repository: https://charts.magda.io
  version: 1.1.0
- name: magda-csw-connector
  repository: https://charts.magda.io
  version: 1.1.0
- name: magda-project-open-data-connector
  repository: https://charts.magda.io
  version: 1.1.0
- name: magda-csw-connector
  repository: https://charts.magda.io
  version: 1.1.0
- name: magda-ckan-connector
  repository: https://charts.magda.io
  version: 1.3.0
- name: magda-csw-connector
  repository: https://charts.magda.io
  version: 1.1.0
- name: magda-ckan-connector
  repository: https://charts.magda.io
  version: 1.3.0
- name: magda-ckan-connector
  repository: https://charts.magda.io
  version: 1.3.0
- name: magda-csw-connector
  repository: https://charts.magda.io
  version: 1.1.0
- name: magda-csw-connector
  repository: https://charts.magda.io
  version: 1.1.0
- name: magda-ckan-connector
  repository: https://charts.magda.io
  version: 1.3.0
- name: magda-ckan-connector
  repository: https://charts.magda.io
  version: 1.3.0
- name: magda-dap-connector
  repository: https://charts.magda.io
  version: 1.0.0
- name: magda-project-open-data-connector
  repository: https://charts.magda.io
  version: 1.1.0
- name: magda-project-open-data-connector
  repository: https://charts.magda.io
  version: 1.1.0
- name: magda-project-open-data-connector
  repository: https://charts.magda.io
  version: 1.1.0
- name: magda-project-open-data-connector
  repository: https://charts.magda.io
  version: 1.1.0
- name: magda-project-open-data-connector
  repository: https://charts.magda.io
  version: 1.1.0
digest: sha256:093a12616dd345d60f6ea146878ee8f0d8c643f95742cfcadfd0efde4bcb974a
generated: "2022-02-14T17:01:17.507942+11:00"
