dependencies:
- name: magda
  repository: https://charts.magda.io
  version: 0.0.58-rc.1
- name: ingress
  repository: file://../ingress
  version: 0.0.57
- name: magda-ckan-connector
  repository: https://charts.magda.io
  version: 0.0.57-0
- name: magda-project-open-data-connector
  repository: https://charts.magda.io
  version: 0.0.57-0
- name: magda-project-open-data-connector
  repository: https://charts.magda.io
  version: 0.0.57-0
- name: magda-csw-connector
  repository: https://charts.magda.io
  version: 0.0.57-0
- name: magda-csw-connector
  repository: https://charts.magda.io
  version: 0.0.57-0
- name: magda-csw-connector
  repository: https://charts.magda.io
  version: 0.0.57-0
- name: magda-csw-connector
  repository: https://charts.magda.io
  version: 0.0.57-0
- name: magda-ckan-connector
  repository: https://charts.magda.io
  version: 0.0.57-0
- name: magda-project-open-data-connector
  repository: https://charts.magda.io
  version: 0.0.57-0
- name: magda-csw-connector
  repository: https://charts.magda.io
  version: 0.0.57-0
- name: magda-csw-connector
  repository: https://charts.magda.io
  version: 0.0.57-0
- name: magda-project-open-data-connector
  repository: https://charts.magda.io
  version: 0.0.57-0
- name: magda-csw-connector
  repository: https://charts.magda.io
  version: 0.0.57-0
- name: magda-project-open-data-connector
  repository: https://charts.magda.io
  version: 0.0.57-0
- name: magda-project-open-data-connector
  repository: https://charts.magda.io
  version: 0.0.57-0
- name: magda-csw-connector
  repository: https://charts.magda.io
  version: 0.0.57-0
- name: magda-project-open-data-connector
  repository: https://charts.magda.io
  version: 0.0.57-0
- name: magda-csw-connector
  repository: https://charts.magda.io
  version: 0.0.57-0
- name: magda-ckan-connector
  repository: https://charts.magda.io
  version: 0.0.57-0
- name: magda-csw-connector
  repository: https://charts.magda.io
  version: 0.0.57-0
- name: magda-ckan-connector
  repository: https://charts.magda.io
  version: 0.0.57-0
- name: magda-ckan-connector
  repository: https://charts.magda.io
  version: 0.0.57-0
- name: magda-csw-connector
  repository: https://charts.magda.io
  version: 0.0.57-0
- name: magda-csw-connector
  repository: https://charts.magda.io
  version: 0.0.57-0
- name: magda-ckan-connector
  repository: https://charts.magda.io
  version: 0.0.57-0
- name: magda-ckan-connector
  repository: https://charts.magda.io
  version: 0.0.57-0
- name: magda-dap-connector
  repository: https://charts.magda.io
  version: 0.0.57-0
- name: magda-project-open-data-connector
  repository: https://charts.magda.io
  version: 0.0.57-0
- name: magda-project-open-data-connector
  repository: https://charts.magda.io
  version: 0.0.57-0
- name: magda-project-open-data-connector
  repository: https://charts.magda.io
  version: 0.0.57-0
- name: magda-project-open-data-connector
  repository: https://charts.magda.io
  version: 0.0.57-0
- name: magda-project-open-data-connector
  repository: https://charts.magda.io
  version: 0.0.57-0
digest: sha256:4ab56f95c7296da9697de6c209524a37e3ee6cada43e2abc2c79d064993d3b1c
generated: "2020-10-01T22:39:03.512519+10:00"
